version = 1
revision = 3
requires-python = ">=3.9"

[[package]]
name = "adafruit-blinka"
version = "8.67.0"
source = { registry = "https://pypi.org/simple" }
dependencies = [
    { name = "adafruit-circuitpython-typing" },
    { name = "adafruit-platformdetect" },
    { name = "adafruit-pureio" },
    { name = "binho-host-adapter" },
    { name = "pyftdi" },
    { name = "sysv-ipc", marker = "platform_machine != 'mips' and sys_platform == 'linux'" },
    { name = "toml", marker = "python_full_version < '3.11'" },
]
sdist = { url = "https://files.pythonhosted.org/packages/3b/c6/9aa66a92b39296c0ed8aed9c5bc43a526e160ddbd8989bb5bf840eac7a99/adafruit_blinka-8.67.0.tar.gz", hash = "sha256:54bb4e5c8d77f2e2efa8ff9784b933142cf4324e3bd00adf6824043d771297f8", size = 609320, upload-time = "2025-10-29T23:53:08.839Z" }
wheels = [
    { url = "https://files.pythonhosted.org/packages/7b/48/899738a7ba312d3d85249961985fa650086b3e0776adf170438a9fca809d/adafruit_blinka-8.67.0-py3-none-any.whl", hash = "sha256:ed14d50bee5b09a707eda4ed0f4e3788353fd7283b5d014d53bcfaeb6f600563", size = 740941, upload-time = "2025-10-29T23:53:06.962Z" },
]

[[package]]
name = "adafruit-circuitpython-busdevice"
version = "5.2.14"
source = { registry = "https://pypi.org/simple" }
dependencies = [
    { name = "adafruit-blinka" },
    { name = "adafruit-circuitpython-typing" },
]
sdist = { url = "https://files.pythonhosted.org/packages/99/70/2bb69cf3e79fc1bda7b111bcf9f90ff25ac705960eff6bd1375ffad754ff/adafruit_circuitpython_busdevice-5.2.14.tar.gz", hash = "sha256:377f4d9c6b7ac256a0c686fe3d88bb2d10873cec992ff7805c8719a474e92127", size = 24468, upload-time = "2025-10-20T20:37:13.497Z" }
wheels = [
    { url = "https://files.pythonhosted.org/packages/f6/50/3fe9da5d3a66a05130ee5db64b5451cd2973f7f5981f80a72ce349ea1bdc/adafruit_circuitpython_busdevice-5.2.14-py3-none-any.whl", hash = "sha256:e7d049a2dc6a3fc9245e154d66725efeb190a61e7d192fbc8f96f3b76fe1fc77", size = 7501, upload-time = "2025-10-20T20:37:12.675Z" },
]

[[package]]
name = "adafruit-circuitpython-connectionmanager"
version = "3.1.6"
source = { registry = "https://pypi.org/simple" }
dependencies = [
    { name = "adafruit-blinka" },
]
sdist = { url = "https://files.pythonhosted.org/packages/bc/82/69ca5ef604b0513a5f85a583d255b2d0c48042592842dfbc955b610cf3b6/adafruit_circuitpython_connectionmanager-3.1.6.tar.gz", hash = "sha256:daa41f7675533fbb451c0f522c894911dd003f67b26f0e7be832f2e240ba28b4", size = 33798, upload-time = "2025-10-20T20:38:47.369Z" }
wheels = [
    { url = "https://files.pythonhosted.org/packages/6e/9e/174bff10a4ff6f74973ee6da43e7b715b07e34426cf4e71d625a7f96e1e5/adafruit_circuitpython_connectionmanager-3.1.6-py3-none-any.whl", hash = "sha256:83c7eafa294fc6e889076d1ba8a7ff902e29d062977d3602078b1594868b7042", size = 7768, upload-time = "2025-10-20T20:38:45.959Z" },
]

[[package]]
name = "adafruit-circuitpython-neopixel"
version = "6.3.18"
source = { registry = "https://pypi.org/simple" }
dependencies = [
    { name = "adafruit-blinka" },
    { name = "adafruit-circuitpython-pixelbuf" },
]
sdist = { url = "https://files.pythonhosted.org/packages/68/bf/f7f914120f074ac495eaa1a0cd302398b1d3ce2e45f199baf9965e11ddc0/adafruit_circuitpython_neopixel-6.3.18.tar.gz", hash = "sha256:0f61b15ac96fbca4743e56e2f35c6c46da4935be9445261b2902597988fc0f22", size = 25293, upload-time = "2025-10-20T20:05:28.511Z" }
wheels = [
    { url = "https://files.pythonhosted.org/packages/6c/4c/f0d0478b31c19c4493f335093a5654d9f9bfd0d64e6b95aad606cbcbb574/adafruit_circuitpython_neopixel-6.3.18-py3-none-any.whl", hash = "sha256:243ad48dd4a567078caf97c54f6e775210567c125ed39e6eaa0898d79ccab4a6", size = 6523, upload-time = "2025-10-20T20:05:27.323Z" },
]

[[package]]
name = "adafruit-circuitpython-pixelbuf"
version = "2.0.10"
source = { registry = "https://pypi.org/simple" }
dependencies = [
    { name = "adafruit-blinka" },
]
sdist = { url = "https://files.pythonhosted.org/packages/87/1e/1662a9c023affdc2e8a3f5c47dc5c4288955d4741164747d5250202bca24/adafruit_circuitpython_pixelbuf-2.0.10.tar.gz", hash = "sha256:19b78183b5773fa4a81eb8fc1458b9feb8178884864abd7c6676db2765e26ed3", size = 24751, upload-time = "2025-10-20T20:47:22.825Z" }
wheels = [
    { url = "https://files.pythonhosted.org/packages/c9/21/dd68e21e08b7c361dc220f77732c1dbd2082773ceae00058915c06e4e707/adafruit_circuitpython_pixelbuf-2.0.10-py3-none-any.whl", hash = "sha256:16af5527ad8cbd8fe6cfe4e99893470c8980f2d75022e4cc67fc87b7cf0b29ff", size = 6991, upload-time = "2025-10-20T20:47:22.041Z" },
]

[[package]]
name = "adafruit-circuitpython-requests"
version = "4.1.14"
source = { registry = "https://pypi.org/simple" }
dependencies = [
    { name = "adafruit-blinka" },
    { name = "adafruit-circuitpython-connectionmanager" },
]
sdist = { url = "https://files.pythonhosted.org/packages/5e/0c/b61ba2eb109e973c10a08845ad1ea7479d779ad605d8ef70bfeef87a548c/adafruit_circuitpython_requests-4.1.14.tar.gz", hash = "sha256:36431be6eb1471bc6c281c8b48cc50eea08f3b7b22d82619e2a0e99d53d40fee", size = 67539, upload-time = "2025-10-20T20:47:22.25Z" }
wheels = [
    { url = "https://files.pythonhosted.org/packages/b5/2c/3d98d269353c0cbfabdc37d812f1cf3a554eea807ac25fdb1982e826af46/adafruit_circuitpython_requests-4.1.14-py3-none-any.whl", hash = "sha256:3f5b2a3856ae9205bb022bdbb9989c617b928432ca7bf8045e719bf25ec9c35d", size = 10884, upload-time = "2025-10-20T20:47:20.943Z" },
]

[[package]]
name = "adafruit-circuitpython-typing"
version = "1.12.3"
source = { registry = "https://pypi.org/simple" }
dependencies = [
    { name = "adafruit-blinka" },
    { name = "adafruit-circuitpython-busdevice" },
    { name = "adafruit-circuitpython-requests" },
    { name = "typing-extensions" },
]
sdist = { url = "https://files.pythonhosted.org/packages/65/a2/40a3440aed2375371507af668570b68523ee01db9c25c47ce5a05883170e/adafruit_circuitpython_typing-1.12.3.tar.gz", hash = "sha256:63f196f834e47842bcd4cf8c37aaa0c61e1aeb5d07f056c875fc3016cda91a12", size = 25603, upload-time = "2025-10-27T18:17:38.56Z" }
wheels = [
    { url = "https://files.pythonhosted.org/packages/cc/a1/578a03ba2bce0809b4e30974b47958963c9efe67b9fe74e7dbcdbbd45318/adafruit_circuitpython_typing-1.12.3-py3-none-any.whl", hash = "sha256:f6d0a02150e1e4efb5a2c2945b88d948809fdb465875f39947108b8467c986d9", size = 11014, upload-time = "2025-10-27T18:17:37.771Z" },
]

[[package]]
name = "adafruit-platformdetect"
version = "3.84.1"
source = { registry = "https://pypi.org/simple" }
sdist = { url = "https://files.pythonhosted.org/packages/1e/52/9641f5de40e9a85e69c01873eaee3e992e3d7dad32cd14fa7a8542994b1f/adafruit_platformdetect-3.84.1.tar.gz", hash = "sha256:2ed292fd292e3487db53c261e2879ae1831c607a8eb947beea20df6b5d24e42b", size = 49166, upload-time = "2025-10-14T18:33:15.526Z" }
wheels = [
    { url = "https://files.pythonhosted.org/packages/a6/78/9f5cd6031452f95b3e159e625a61d20148173db7f18817c52ab67aad3594/adafruit_platformdetect-3.84.1-py3-none-any.whl", hash = "sha256:53a9e34f32c48d7cd4b6a4497a0e4e07e05d5101cea055d60240ba8a3a0f06d8", size = 26628, upload-time = "2025-10-14T18:33:14.091Z" },
]

[[package]]
name = "adafruit-pureio"
version = "1.1.11"
source = { registry = "https://pypi.org/simple" }
sdist = { url = "https://files.pythonhosted.org/packages/e5/b7/f1672435116822079bbdab42163f9e6424769b7db778873d95d18c085230/Adafruit_PureIO-1.1.11.tar.gz", hash = "sha256:c4cfbb365731942d1f1092a116f47dfdae0aef18c5b27f1072b5824ad5ea8c7c", size = 35511, upload-time = "2023-05-25T19:01:34.654Z" }
wheels = [
    { url = "https://files.pythonhosted.org/packages/19/9d/28e9d12f36e13c5f2acba3098187b0e931290ecd1d8df924391b5ad2db19/Adafruit_PureIO-1.1.11-py3-none-any.whl", hash = "sha256:281ab2099372cc0decc26326918996cbf21b8eed694ec4764d51eefa029d324e", size = 10678, upload-time = "2023-05-25T19:01:32.397Z" },
]

[[package]]
name = "binho-host-adapter"
version = "0.1.6"
source = { registry = "https://pypi.org/simple" }
dependencies = [
    { name = "pyserial" },
]
sdist = { url = "https://files.pythonhosted.org/packages/68/36/29b7b896e83e195fac6d64ccff95c0f24a18ee86e7437a22e60e0331d90a/binho-host-adapter-0.1.6.tar.gz", hash = "sha256:1e6da7a84e208c13b5f489066f05774bff1d593d0f5bf1ca149c2b8e83eae856", size = 10068, upload-time = "2020-06-04T19:38:11.789Z" }
wheels = [
    { url = "https://files.pythonhosted.org/packages/7b/6b/0f13486003aea3eb349c2946b7ec9753e7558b78e35d22c938062a96959c/binho_host_adapter-0.1.6-py3-none-any.whl", hash = "sha256:f71ca176c1e2fc1a5dce128beb286da217555c6c7c805f2ed282a6f3507ec277", size = 10540, upload-time = "2020-06-04T19:38:10.612Z" },
]

[[package]]
name = "bookshelf"
version = "0.1.0"
source = { virtual = "." }
dependencies = [
    { name = "adafruit-circuitpython-neopixel" },
    { name = "rpi-gpio" },
    { name = "rpi-ws281x" },
    { name = "ruff" },
]

[package.metadata]
requires-dist = [
    { name = "adafruit-circuitpython-neopixel", specifier = ">=6.3.18" },
    { name = "rpi-gpio", specifier = ">=0.7.1" },
    { name = "rpi-ws281x", specifier = ">=5.0.0" },
    { name = "ruff", specifier = ">=0.14.3" },
]

[[package]]
name = "pyftdi"
version = "0.57.1"
source = { registry = "https://pypi.org/simple" }
dependencies = [
    { name = "pyserial" },
    { name = "pyusb" },
]
wheels = [
    { url = "https://files.pythonhosted.org/packages/16/cd/0731490946e037e954ef83719f07c7672cf32bc90dd9c75201c40b827664/pyftdi-0.57.1-py3-none-any.whl", hash = "sha256:efd3f5a7d43202dc883ff261a7b1cb4dcbbe65b19628f8603a8b1183a7bc2841", size = 146180, upload-time = "2025-08-14T15:59:16.164Z" },
]

[[package]]
name = "pyserial"
version = "3.5"
source = { registry = "https://pypi.org/simple" }
sdist = { url = "https://files.pythonhosted.org/packages/1e/7d/ae3f0a63f41e4d2f6cb66a5b57197850f919f59e558159a4dd3a818f5082/pyserial-3.5.tar.gz", hash = "sha256:3c77e014170dfffbd816e6ffc205e9842efb10be9f58ec16d3e8675b4925cddb", size = 159125, upload-time = "2020-11-23T03:59:15.045Z" }
wheels = [
    { url = "https://files.pythonhosted.org/packages/07/bc/587a445451b253b285629263eb51c2d8e9bcea4fc97826266d186f96f558/pyserial-3.5-py2.py3-none-any.whl", hash = "sha256:c4451db6ba391ca6ca299fb3ec7bae67a5c55dde170964c7a14ceefec02f2cf0", size = 90585, upload-time = "2020-11-23T03:59:13.41Z" },
]

[[package]]
name = "pyusb"
version = "1.3.1"
source = { registry = "https://pypi.org/simple" }
sdist = { url = "https://files.pythonhosted.org/packages/00/6b/ce3727395e52b7b76dfcf0c665e37d223b680b9becc60710d4bc08b7b7cb/pyusb-1.3.1.tar.gz", hash = "sha256:3af070b607467c1c164f49d5b0caabe8ac78dbed9298d703a8dbf9df4052d17e", size = 77281, upload-time = "2025-01-08T23:45:01.866Z" }
wheels = [
    { url = "https://files.pythonhosted.org/packages/28/b8/27e6312e86408a44fe16bd28ee12dd98608b39f7e7e57884a24e8f29b573/pyusb-1.3.1-py3-none-any.whl", hash = "sha256:bf9b754557af4717fe80c2b07cc2b923a9151f5c08d17bdb5345dac09d6a0430", size = 58465, upload-time = "2025-01-08T23:45:00.029Z" },
]

[[package]]
name = "rpi-gpio"
version = "0.7.1"
source = { registry = "https://pypi.org/simple" }
sdist = { url = "https://files.pythonhosted.org/packages/c4/0f/10b524a12b3445af1c607c27b2f5ed122ef55756e29942900e5c950735f2/RPi.GPIO-0.7.1.tar.gz", hash = "sha256:cd61c4b03c37b62bba4a5acfea9862749c33c618e0295e7e90aa4713fb373b70", size = 29090, upload-time = "2022-02-06T15:15:06.022Z" }
wheels = [
    { url = "https://files.pythonhosted.org/packages/40/48/e5698d5589d63907593c2909b8e4f0e7b559af19a73de003b1dabb5332c7/RPi.GPIO-0.7.1-cp310-cp310-linux_armv6l.whl", hash = "sha256:57b6c044ef5375a78c8dda27cdfadf329e76aa6943cd6cffbbbd345a9adf9ca5", size = 69820, upload-time = "2022-02-06T15:14:56.019Z" },
    { url = "https://files.pythonhosted.org/packages/b7/f4/19ac7172e60983148970abcd96a5c5d099febf538f35e9f569b3c1a70543/RPi.GPIO-0.7.1-cp39-cp39-linux_armv6l.whl", hash = "sha256:15311d3b063b71dee738cd26570effc9985a952454d162937c34e08c0fc99902", size = 69302, upload-time = "2022-02-06T15:15:01.252Z" },
]

[[package]]
name = "rpi-ws281x"
version = "5.0.0"
source = { registry = "https://pypi.org/simple" }
sdist = { url = "https://files.pythonhosted.org/packages/c0/1e/642208a685c5e96d38323f42c75d9b24f95e2d1b8390dd104e04a712f29e/rpi_ws281x-5.0.0.tar.gz", hash = "sha256:00ce6db771436b778d0930245cf8ea2aae11008cc5fd67d57789c5422af3ee55", size = 64519, upload-time = "2023-05-16T12:04:22.463Z" }

[[package]]
name = "ruff"
version = "0.14.3"
source = { registry = "https://pypi.org/simple" }
sdist = { url = "https://files.pythonhosted.org/packages/75/62/50b7727004dfe361104dfbf898c45a9a2fdfad8c72c04ae62900224d6ecf/ruff-0.14.3.tar.gz", hash = "sha256:4ff876d2ab2b161b6de0aa1f5bd714e8e9b4033dc122ee006925fbacc4f62153", size = 5558687, upload-time = "2025-10-31T00:26:26.878Z" }
wheels = [
    { url = "https://files.pythonhosted.org/packages/ce/8e/0c10ff1ea5d4360ab8bfca4cb2c9d979101a391f3e79d2616c9bf348cd26/ruff-0.14.3-py3-none-linux_armv6l.whl", hash = "sha256:876b21e6c824f519446715c1342b8e60f97f93264012de9d8d10314f8a79c371", size = 12535613, upload-time = "2025-10-31T00:25:44.302Z" },
    { url = "https://files.pythonhosted.org/packages/d3/c8/6724f4634c1daf52409fbf13fefda64aa9c8f81e44727a378b7b73dc590b/ruff-0.14.3-py3-none-macosx_10_12_x86_64.whl", hash = "sha256:b6fd8c79b457bedd2abf2702b9b472147cd860ed7855c73a5247fa55c9117654", size = 12855812, upload-time = "2025-10-31T00:25:47.793Z" },
    { url = "https://files.pythonhosted.org/packages/de/03/db1bce591d55fd5f8a08bb02517fa0b5097b2ccabd4ea1ee29aa72b67d96/ruff-0.14.3-py3-none-macosx_11_0_arm64.whl", hash = "sha256:71ff6edca490c308f083156938c0c1a66907151263c4abdcb588602c6e696a14", size = 11944026, upload-time = "2025-10-31T00:25:49.657Z" },
    { url = "https://files.pythonhosted.org/packages/0b/75/4f8dbd48e03272715d12c87dc4fcaaf21b913f0affa5f12a4e9c6f8a0582/ruff-0.14.3-py3-none-manylinux_2_17_aarch64.manylinux2014_aarch64.whl", hash = "sha256:786ee3ce6139772ff9272aaf43296d975c0217ee1b97538a98171bf0d21f87ed", size = 12356818, upload-time = "2025-10-31T00:25:51.949Z" },
    { url = "https://files.pythonhosted.org/packages/ec/9b/506ec5b140c11d44a9a4f284ea7c14ebf6f8b01e6e8917734a3325bff787/ruff-0.14.3-py3-none-manylinux_2_17_armv7l.manylinux2014_armv7l.whl", hash = "sha256:cd6291d0061811c52b8e392f946889916757610d45d004e41140d81fb6cd5ddc", size = 12336745, upload-time = "2025-10-31T00:25:54.248Z" },
    { url = "https://files.pythonhosted.org/packages/c7/e1/c560d254048c147f35e7f8131d30bc1f63a008ac61595cf3078a3e93533d/ruff-0.14.3-py3-none-manylinux_2_17_i686.manylinux2014_i686.whl", hash = "sha256:a497ec0c3d2c88561b6d90f9c29f5ae68221ac00d471f306fa21fa4264ce5fcd", size = 13101684, upload-time = "2025-10-31T00:25:56.253Z" },
    { url = "https://files.pythonhosted.org/packages/a5/32/e310133f8af5cd11f8cc30f52522a3ebccc5ea5bff4b492f94faceaca7a8/ruff-0.14.3-py3-none-manylinux_2_17_ppc64.manylinux2014_ppc64.whl", hash = "sha256:e231e1be58fc568950a04fbe6887c8e4b85310e7889727e2b81db205c45059eb", size = 14535000, upload-time = "2025-10-31T00:25:58.397Z" },
    { url = "https://files.pythonhosted.org/packages/a2/a1/7b0470a22158c6d8501eabc5e9b6043c99bede40fa1994cadf6b5c2a61c7/ruff-0.14.3-py3-none-manylinux_2_17_ppc64le.manylinux2014_ppc64le.whl", hash = "sha256:469e35872a09c0e45fecf48dd960bfbce056b5db2d5e6b50eca329b4f853ae20", size = 14156450, upload-time = "2025-10-31T00:26:00.889Z" },
    { url = "https://files.pythonhosted.org/packages/0a/96/24bfd9d1a7f532b560dcee1a87096332e461354d3882124219bcaff65c09/ruff-0.14.3-py3-none-manylinux_2_17_s390x.manylinux2014_s390x.whl", hash = "sha256:3d6bc90307c469cb9d28b7cfad90aaa600b10d67c6e22026869f585e1e8a2db0", size = 13568414, upload-time = "2025-10-31T00:26:03.291Z" },
    { url = "https://files.pythonhosted.org/packages/a7/e7/138b883f0dfe4ad5b76b58bf4ae675f4d2176ac2b24bdd81b4d966b28c61/ruff-0.14.3-py3-none-manylinux_2_17_x86_64.manylinux2014_x86_64.whl", hash = "sha256:0e2f8a0bbcffcfd895df39c9a4ecd59bb80dca03dc43f7fb63e647ed176b741e", size = 13315293, upload-time = "2025-10-31T00:26:05.708Z" },
    { url = "https://files.pythonhosted.org/packages/33/f4/c09bb898be97b2eb18476b7c950df8815ef14cf956074177e9fbd40b7719/ruff-0.14.3-py3-none-manylinux_2_31_riscv64.whl", hash = "sha256:678fdd7c7d2d94851597c23ee6336d25f9930b460b55f8598e011b57c74fd8c5", size = 13539444, upload-time = "2025-10-31T00:26:08.09Z" },
    { url = "https://files.pythonhosted.org/packages/9c/aa/b30a1db25fc6128b1dd6ff0741fa4abf969ded161599d07ca7edd0739cc0/ruff-0.14.3-py3-none-musllinux_1_2_aarch64.whl", hash = "sha256:1ec1ac071e7e37e0221d2f2dbaf90897a988c531a8592a6a5959f0603a1ecf5e", size = 12252581, upload-time = "2025-10-31T00:26:10.297Z" },
    { url = "https://files.pythonhosted.org/packages/da/13/21096308f384d796ffe3f2960b17054110a9c3828d223ca540c2b7cc670b/ruff-0.14.3-py3-none-musllinux_1_2_armv7l.whl", hash = "sha256:afcdc4b5335ef440d19e7df9e8ae2ad9f749352190e96d481dc501b753f0733e", size = 12307503, upload-time = "2025-10-31T00:26:12.646Z" },
    { url = "https://files.pythonhosted.org/packages/cb/cc/a350bac23f03b7dbcde3c81b154706e80c6f16b06ff1ce28ed07dc7b07b0/ruff-0.14.3-py3-none-musllinux_1_2_i686.whl", hash = "sha256:7bfc42f81862749a7136267a343990f865e71fe2f99cf8d2958f684d23ce3dfa", size = 12675457, upload-time = "2025-10-31T00:26:15.044Z" },
    { url = "https://files.pythonhosted.org/packages/cb/76/46346029fa2f2078826bc88ef7167e8c198e58fe3126636e52f77488cbba/ruff-0.14.3-py3-none-musllinux_1_2_x86_64.whl", hash = "sha256:a65e448cfd7e9c59fae8cf37f9221585d3354febaad9a07f29158af1528e165f", size = 13403980, upload-time = "2025-10-31T00:26:17.81Z" },
    { url = "https://files.pythonhosted.org/packages/9f/a4/35f1ef68c4e7b236d4a5204e3669efdeefaef21f0ff6a456792b3d8be438/ruff-0.14.3-py3-none-win32.whl", hash = "sha256:f3d91857d023ba93e14ed2d462ab62c3428f9bbf2b4fbac50a03ca66d31991f7", size = 12500045, upload-time = "2025-10-31T00:26:20.503Z" },
    { url = "https://files.pythonhosted.org/packages/03/15/51960ae340823c9859fb60c63301d977308735403e2134e17d1d2858c7fb/ruff-0.14.3-py3-none-win_amd64.whl", hash = "sha256:d7b7006ac0756306db212fd37116cce2bd307e1e109375e1c6c106002df0ae5f", size = 13594005, upload-time = "2025-10-31T00:26:22.533Z" },
    { url = "https://files.pythonhosted.org/packages/b7/73/4de6579bac8e979fca0a77e54dec1f1e011a0d268165eb8a9bc0982a6564/ruff-0.14.3-py3-none-win_arm64.whl", hash = "sha256:26eb477ede6d399d898791d01961e16b86f02bc2486d0d1a7a9bb2379d055dc1", size = 12590017, upload-time = "2025-10-31T00:26:24.52Z" },
]

[[package]]
name = "sysv-ipc"
version = "1.1.0"
source = { registry = "https://pypi.org/simple" }
sdist = { url = "https://files.pythonhosted.org/packages/0c/d7/5d2f861155e9749f981e6c58f2a482d3ab458bf8c35ae24d4b4d5899ebf9/sysv_ipc-1.1.0.tar.gz", hash = "sha256:0f063cbd36ec232032e425769ebc871f195a7d183b9af32f9901589ea7129ac3", size = 99448, upload-time = "2021-01-17T19:07:44.217Z" }

[[package]]
name = "toml"
version = "0.10.2"
source = { registry = "https://pypi.org/simple" }
sdist = { url = "https://files.pythonhosted.org/packages/be/ba/1f744cdc819428fc6b5084ec34d9b30660f6f9daaf70eead706e3203ec3c/toml-0.10.2.tar.gz", hash = "sha256:b3bda1d108d5dd99f4a20d24d9c348e91c4db7ab1b749200bded2f839ccbe68f", size = 22253, upload-time = "2020-11-01T01:40:22.204Z" }
wheels = [
    { url = "https://files.pythonhosted.org/packages/44/6f/7120676b6d73228c96e17f1f794d8ab046fc910d781c8d151120c3f1569e/toml-0.10.2-py2.py3-none-any.whl", hash = "sha256:806143ae5bfb6a3c6e736a764057db0e6a0e05e338b5630894a5f779cabb4f9b", size = 16588, upload-time = "2020-11-01T01:40:20.672Z" },
]

[[package]]
name = "typing-extensions"
version = "4.15.0"
source = { registry = "https://pypi.org/simple" }
sdist = { url = "https://files.pythonhosted.org/packages/72/94/1a15dd82efb362ac84269196e94cf00f187f7ed21c242792a923cdb1c61f/typing_extensions-4.15.0.tar.gz", hash = "sha256:0cea48d173cc12fa28ecabc3b837ea3cf6f38c6d1136f85cbaaf598984861466", size = 109391, upload-time = "2025-08-25T13:49:26.313Z" }
wheels = [
    { url = "https://files.pythonhosted.org/packages/18/67/36e9267722cc04a6b9f15c7f3441c2363321a3ea07da7ae0c0707beb2a9c/typing_extensions-4.15.0-py3-none-any.whl", hash = "sha256:f0fa19c6845758ab08074a0cfa8b7aecb71c999ca73d62883bc25cc018c4e548", size = 44614, upload-time = "2025-08-25T13:49:24.86Z" },
]
